
Microsoft Visual Studio Solution File, Format Version 12.00
# Visual Studio Version 17
VisualStudioVersion = 17.3.32929.385
MinimumVisualStudioVersion = 10.0.40219.1
Project("{9A19103F-16F7-4668-BE54-9A1E7A4F7556}") = "ReskillProgram", "ReskillProgram\ReskillProgram.csproj", "{7F618A5E-BF28-45DA-A068-E2D02F966854}"
EndProject
Project("{FAE04EC0-301F-11D3-BF4B-00C04F79EFBC}") = "ReskillProgramNunit", "ReskillProgramNunit\ReskillProgramNunit.csproj", "{2F756D8B-0045-433E-BD4D-3487BC99AE7F}"
EndProject
Global
	GlobalSection(SolutionConfigurationPlatforms) = preSolution
		Debug|Any CPU = Debug|Any CPU
		Release|Any CPU = Release|Any CPU
	EndGlobalSection
	GlobalSection(ProjectConfigurationPlatforms) = postSolution
		{7F618A5E-BF28-45DA-A068-E2D02F966854}.Debug|Any CPU.ActiveCfg = Debug|Any CPU
		{7F618A5E-BF28-45DA-A068-E2D02F966854}.Debug|Any CPU.Build.0 = Debug|Any CPU
		{7F618A5E-BF28-45DA-A068-E2D02F966854}.Release|Any CPU.ActiveCfg = Release|Any CPU
		{7F618A5E-BF28-45DA-A068-E2D02F966854}.Release|Any CPU.Build.0 = Release|Any CPU
		{2F756D8B-0045-433E-BD4D-3487BC99AE7F}.Debug|Any CPU.ActiveCfg = Debug|Any CPU
		{2F756D8B-0045-433E-BD4D-3487BC99AE7F}.Debug|Any CPU.Build.0 = Debug|Any CPU
		{2F756D8B-0045-433E-BD4D-3487BC99AE7F}.Release|Any CPU.ActiveCfg = Release|Any CPU
		{2F756D8B-0045-433E-BD4D-3487BC99AE7F}.Release|Any CPU.Build.0 = Release|Any CPU
	EndGlobalSection
	GlobalSection(SolutionProperties) = preSolution
		HideSolutionNode = FALSE
	EndGlobalSection
	GlobalSection(ExtensibilityGlobals) = postSolution
		SolutionGuid = {C97097D4-D970-4331-B8F2-CAFC681620E6}
	EndGlobalSection
EndGlobal
